github.com/jessicabrudnak/dog v0.0.0-20260922010505-0d720a681913 h1:aidFwvyrlME6dJuGlNraBvGcku1gCnxKMs/IgXrrthg=
github.com/jessicabrudnak/dog v0.0.0-20260922010505-0d720a681913/go.mod h1:WiRelpNCun4XnXHgzMTv/4t6V/1XlT2xUbzE7cx5xpM=
github.com/jessicabrudnak/dog v0.0.0-20260922025308-a3c01ac09cec h1:NnD6JW2QnhExPhjRCjZ7jga7oL2XpowRJI+hp+9Cdbo=
github.com/jessicabrudnak/dog v0.0.0-20260922025308-a3c01ac09cec/go.mod h1:WiRelpNCun4XnXHgzMTv/4t6V/1XlT2xUbzE7cx5xpM=
github.com/jessicabrudnak/dog v0.0.0-20260922030651-202ff4df0a29 h1:MmYhxw25kN2WQZDnV3JkeYieiIPSHo2wmxx3r0JtQQ8=
github.com/jessicabrudnak/dog v0.0.0-20260922030651-202ff4df0a29/go.mod h1:WiRelpNCun4XnXHgzMTv/4t6V/1XlT2xUbzE7cx5xpM=
